
Microsoft Visual Studio Solution File, Format Version 12.00
# Visual Studio Version 16
VisualStudioVersion = 16.0.31410.357
MinimumVisualStudioVersion = 10.0.40219.1
Project("{FAE04EC0-301F-11D3-BF4B-00C04F79EFBC}") = "RelativeIcons", "RelativeIcons\RelativeIcons.csproj", "{16F23CB7-CF0E-4FA4-9BC6-5849A122F972}"
EndProject
Global
	GlobalSection(SolutionConfigurationPlatforms) = preSolution
		Debug|Any CPU = Debug|Any CPU
		Release|Any CPU = Release|Any CPU
	EndGlobalSection
	GlobalSection(ProjectConfigurationPlatforms) = postSolution
		{16F23CB7-CF0E-4FA4-9BC6-5849A122F972}.Debug|Any CPU.ActiveCfg = Debug|Any CPU
		{16F23CB7-CF0E-4FA4-9BC6-5849A122F972}.Debug|Any CPU.Build.0 = Debug|Any CPU
		{16F23CB7-CF0E-4FA4-9BC6-5849A122F972}.Release|Any CPU.ActiveCfg = Release|Any CPU
		{16F23CB7-CF0E-4FA4-9BC6-5849A122F972}.Release|Any CPU.Build.0 = Release|Any CPU
	EndGlobalSection
	GlobalSection(SolutionProperties) = preSolution
		HideSolutionNode = FALSE
	EndGlobalSection
	GlobalSection(ExtensibilityGlobals) = postSolution
		SolutionGuid = {8FA74B4E-0703-4BA3-8793-8791882EC56A}
	EndGlobalSection
EndGlobal
